
Microsoft Visual Studio Solution File, Format Version 12.00
# Visual Studio Version 16
VisualStudioVersion = 16.0.32106.194
MinimumVisualStudioVersion = 10.0.40219.1
Project("{FAE04EC0-301F-11D3-BF4B-00C04F79EFBC}") = "PizzaGame", "PizzaGame\PizzaGame.csproj", "{77216633-8239-4E01-9D66-9F3B2A44439D}"
EndProject
Global
	GlobalSection(SolutionConfigurationPlatforms) = preSolution
		Debug|Any CPU = Debug|Any CPU
		Release|Any CPU = Release|Any CPU
	EndGlobalSection
	GlobalSection(ProjectConfigurationPlatforms) = postSolution
		{77216633-8239-4E01-9D66-9F3B2A44439D}.Debug|Any CPU.ActiveCfg = Debug|Any CPU
		{77216633-8239-4E01-9D66-9F3B2A44439D}.Debug|Any CPU.Build.0 = Debug|Any CPU
		{77216633-8239-4E01-9D66-9F3B2A44439D}.Release|Any CPU.ActiveCfg = Release|Any CPU
		{77216633-8239-4E01-9D66-9F3B2A44439D}.Release|Any CPU.Build.0 = Release|Any CPU
	EndGlobalSection
	GlobalSection(SolutionProperties) = preSolution
		HideSolutionNode = FALSE
	EndGlobalSection
	GlobalSection(ExtensibilityGlobals) = postSolution
		SolutionGuid = {78655F02-C392-4FF7-A593-D1E49453714D}
	EndGlobalSection
EndGlobal
